
Microsoft Visual Studio Solution File, Format Version 12.00
# Visual Studio Version 16
VisualStudioVersion = 16.0.29920.165
MinimumVisualStudioVersion = 10.0.40219.1
Project("{FAE04EC0-301F-11D3-BF4B-00C04F79EFBC}") = "Coup", "Coup\Coup.csproj", "{F2AF611E-E345-4273-81B6-BC4E4609BF72}"
EndProject
Global
	GlobalSection(SolutionConfigurationPlatforms) = preSolution
		Debug|Any CPU = Debug|Any CPU
		Release|Any CPU = Release|Any CPU
	EndGlobalSection
	GlobalSection(ProjectConfigurationPlatforms) = postSolution
		{F2AF611E-E345-4273-81B6-BC4E4609BF72}.Debug|Any CPU.ActiveCfg = Debug|Any CPU
		{F2AF611E-E345-4273-81B6-BC4E4609BF72}.Debug|Any CPU.Build.0 = Debug|Any CPU
		{F2AF611E-E345-4273-81B6-BC4E4609BF72}.Release|Any CPU.ActiveCfg = Release|Any CPU
		{F2AF611E-E345-4273-81B6-BC4E4609BF72}.Release|Any CPU.Build.0 = Release|Any CPU
	EndGlobalSection
	GlobalSection(SolutionProperties) = preSolution
		HideSolutionNode = FALSE
	EndGlobalSection
	GlobalSection(ExtensibilityGlobals) = postSolution
		SolutionGuid = {B2A57418-7E45-4AE0-947E-161391626DC1}
	EndGlobalSection
EndGlobal
